
Microsoft Visual Studio Solution File, Format Version 12.00
# Visual Studio Version 16
VisualStudioVersion = 16.0.28803.202
MinimumVisualStudioVersion = 10.0.40219.1
Project("{FAE04EC0-301F-11D3-BF4B-00C04F79EFBC}") = "UNLTestTask.Forms.Android", "UNLTestTask\UNLTestTask.Android\UNLTestTask.Forms.Android.csproj", "{EA808114-2664-4BB1-B7FA-C02BAB098F03}"
EndProject
Project("{FAE04EC0-301F-11D3-BF4B-00C04F79EFBC}") = "UNLTestTask.Forms.iOS", "UNLTestTask\UNLTestTask.iOS\UNLTestTask.Forms.iOS.csproj", "{6654D231-EFD9-4B3C-87CA-E5AAD9799570}"
EndProject
Project("{9A19103F-16F7-4668-BE54-9A1E7A4F7556}") = "UNLTestTask.Forms", "UNLTestTask\UNLTestTask\UNLTestTask.Forms.csproj", "{C993A709-76B7-49D0-AA66-E060190896B6}"
EndProject
Project("{9A19103F-16F7-4668-BE54-9A1E7A4F7556}") = "UNLTestTask.Core", "UNLTestTask.Core\UNLTestTask.Core.csproj", "{30116881-34D5-4B40-B2CF-E467CADCA05C}"
EndProject
Project("{FAE04EC0-301F-11D3-BF4B-00C04F79EFBC}") = "UNLTestTask.Anroid", "UNLTestTask.Droid\UNLTestTask.Anroid.csproj", "{01D45448-32E3-46D3-AFB2-A36690FAE184}"
EndProject
Project("{FAE04EC0-301F-11D3-BF4B-00C04F79EFBC}") = "UNLTestTask.Native.iOS", "UNLTestTask.Native.iOS\UNLTestTask.Native.iOS.csproj", "{68BE2887-A99D-4627-AAB9-66A48879E5F2}"
EndProject
Global
	GlobalSection(SolutionConfigurationPlatforms) = preSolution
		Debug|Any CPU = Debug|Any CPU
		Debug|iPhone = Debug|iPhone
		Debug|iPhoneSimulator = Debug|iPhoneSimulator
		Release|Any CPU = Release|Any CPU
		Release|iPhone = Release|iPhone
		Release|iPhoneSimulator = Release|iPhoneSimulator
	EndGlobalSection
	GlobalSection(ProjectConfigurationPlatforms) = postSolution
		{EA808114-2664-4BB1-B7FA-C02BAB098F03}.Debug|Any CPU.ActiveCfg = Debug|Any CPU
		{EA808114-2664-4BB1-B7FA-C02BAB098F03}.Debug|Any CPU.Build.0 = Debug|Any CPU
		{EA808114-2664-4BB1-B7FA-C02BAB098F03}.Debug|Any CPU.Deploy.0 = Debug|Any CPU
		{EA808114-2664-4BB1-B7FA-C02BAB098F03}.Debug|iPhone.ActiveCfg = Debug|Any CPU
		{EA808114-2664-4BB1-B7FA-C02BAB098F03}.Debug|iPhone.Build.0 = Debug|Any CPU
		{EA808114-2664-4BB1-B7FA-C02BAB098F03}.Debug|iPhone.Deploy.0 = Debug|Any CPU
		{EA808114-2664-4BB1-B7FA-C02BAB098F03}.Debug|iPhoneSimulator.ActiveCfg = Debug|Any CPU
		{EA808114-2664-4BB1-B7FA-C02BAB098F03}.Debug|iPhoneSimulator.Build.0 = Debug|Any CPU
		{EA808114-2664-4BB1-B7FA-C02BAB098F03}.Debug|iPhoneSimulator.Deploy.0 = Debug|Any CPU
		{EA808114-2664-4BB1-B7FA-C02BAB098F03}.Release|Any CPU.ActiveCfg = Release|Any CPU
		{EA808114-2664-4BB1-B7FA-C02BAB098F03}.Release|Any CPU.Build.0 = Release|Any CPU
		{EA808114-2664-4BB1-B7FA-C02BAB098F03}.Release|Any CPU.Deploy.0 = Release|Any CPU
		{EA808114-2664-4BB1-B7FA-C02BAB098F03}.Release|iPhone.ActiveCfg = Release|Any CPU
		{EA808114-2664-4BB1-B7FA-C02BAB098F03}.Release|iPhone.Build.0 = Release|Any CPU
		{EA808114-2664-4BB1-B7FA-C02BAB098F03}.Release|iPhone.Deploy.0 = Release|Any CPU
		{EA808114-2664-4BB1-B7FA-C02BAB098F03}.Release|iPhoneSimulator.ActiveCfg = Release|Any CPU
		{EA808114-2664-4BB1-B7FA-C02BAB098F03}.Release|iPhoneSimulator.Build.0 = Release|Any CPU
		{EA808114-2664-4BB1-B7FA-C02BAB098F03}.Release|iPhoneSimulator.Deploy.0 = Release|Any CPU
		{6654D231-EFD9-4B3C-87CA-E5AAD9799570}.Debug|Any CPU.ActiveCfg = Debug|iPhoneSimulator
		{6654D231-EFD9-4B3C-87CA-E5AAD9799570}.Debug|Any CPU.Build.0 = Debug|iPhoneSimulator
		{6654D231-EFD9-4B3C-87CA-E5AAD9799570}.Debug|Any CPU.Deploy.0 = Debug|iPhoneSimulator
		{6654D231-EFD9-4B3C-87CA-E5AAD9799570}.Debug|iPhone.ActiveCfg = Debug|iPhone
		{6654D231-EFD9-4B3C-87CA-E5AAD9799570}.Debug|iPhone.Build.0 = Debug|iPhone
		{6654D231-EFD9-4B3C-87CA-E5AAD9799570}.Debug|iPhone.Deploy.0 = Debug|iPhone
		{6654D231-EFD9-4B3C-87CA-E5AAD9799570}.Debug|iPhoneSimulator.ActiveCfg = Debug|iPhoneSimulator
		{6654D231-EFD9-4B3C-87CA-E5AAD9799570}.Debug|iPhoneSimulator.Build.0 = Debug|iPhoneSimulator
		{6654D231-EFD9-4B3C-87CA-E5AAD9799570}.Debug|iPhoneSimulator.Deploy.0 = Debug|iPhoneSimulator
		{6654D231-EFD9-4B3C-87CA-E5AAD9799570}.Release|Any CPU.ActiveCfg = Release|iPhone
		{6654D231-EFD9-4B3C-87CA-E5AAD9799570}.Release|Any CPU.Build.0 = Release|iPhone
		{6654D231-EFD9-4B3C-87CA-E5AAD9799570}.Release|Any CPU.Deploy.0 = Release|iPhone
		{6654D231-EFD9-4B3C-87CA-E5AAD9799570}.Release|iPhone.ActiveCfg = Release|iPhone
		{6654D231-EFD9-4B3C-87CA-E5AAD9799570}.Release|iPhone.Build.0 = Release|iPhone
		{6654D231-EFD9-4B3C-87CA-E5AAD9799570}.Release|iPhone.Deploy.0 = Release|iPhone
		{6654D231-EFD9-4B3C-87CA-E5AAD9799570}.Release|iPhoneSimulator.ActiveCfg = Release|iPhoneSimulator
		{6654D231-EFD9-4B3C-87CA-E5AAD9799570}.Release|iPhoneSimulator.Build.0 = Release|iPhoneSimulator
		{6654D231-EFD9-4B3C-87CA-E5AAD9799570}.Release|iPhoneSimulator.Deploy.0 = Release|iPhoneSimulator
		{C993A709-76B7-49D0-AA66-E060190896B6}.Debug|Any CPU.ActiveCfg = Debug|Any CPU
		{C993A709-76B7-49D0-AA66-E060190896B6}.Debug|Any CPU.Build.0 = Debug|Any CPU
		{C993A709-76B7-49D0-AA66-E060190896B6}.Debug|Any CPU.Deploy.0 = Debug|Any CPU
		{C993A709-76B7-49D0-AA66-E060190896B6}.Debug|iPhone.ActiveCfg = Debug|Any CPU
		{C993A709-76B7-49D0-AA66-E060190896B6}.Debug|iPhone.Build.0 = Debug|Any CPU
		{C993A709-76B7-49D0-AA66-E060190896B6}.Debug|iPhone.Deploy.0 = Debug|Any CPU
		{C993A709-76B7-49D0-AA66-E060190896B6}.Debug|iPhoneSimulator.ActiveCfg = Debug|Any CPU
		{C993A709-76B7-49D0-AA66-E060190896B6}.Debug|iPhoneSimulator.Build.0 = Debug|Any CPU
		{C993A709-76B7-49D0-AA66-E060190896B6}.Debug|iPhoneSimulator.Deploy.0 = Debug|Any CPU
		{C993A709-76B7-49D0-AA66-E060190896B6}.Release|Any CPU.ActiveCfg = Release|Any CPU
		{C993A709-76B7-49D0-AA66-E060190896B6}.Release|Any CPU.Build.0 = Release|Any CPU
		{C993A709-76B7-49D0-AA66-E060190896B6}.Release|Any CPU.Deploy.0 = Release|Any CPU
		{C993A709-76B7-49D0-AA66-E060190896B6}.Release|iPhone.ActiveCfg = Release|Any CPU
		{C993A709-76B7-49D0-AA66-E060190896B6}.Release|iPhone.Build.0 = Release|Any CPU
		{C993A709-76B7-49D0-AA66-E060190896B6}.Release|iPhone.Deploy.0 = Release|Any CPU
		{C993A709-76B7-49D0-AA66-E060190896B6}.Release|iPhoneSimulator.ActiveCfg = Release|Any CPU
		{C993A709-76B7-49D0-AA66-E060190896B6}.Release|iPhoneSimulator.Build.0 = Release|Any CPU
		{C993A709-76B7-49D0-AA66-E060190896B6}.Release|iPhoneSimulator.Deploy.0 = Release|Any CPU
		{30116881-34D5-4B40-B2CF-E467CADCA05C}.Debug|Any CPU.ActiveCfg = Debug|Any CPU
		{30116881-34D5-4B40-B2CF-E467CADCA05C}.Debug|Any CPU.Build.0 = Debug|Any CPU
		{30116881-34D5-4B40-B2CF-E467CADCA05C}.Debug|iPhone.ActiveCfg = Debug|Any CPU
		{30116881-34D5-4B40-B2CF-E467CADCA05C}.Debug|iPhone.Build.0 = Debug|Any CPU
		{30116881-34D5-4B40-B2CF-E467CADCA05C}.Debug|iPhoneSimulator.ActiveCfg = Debug|Any CPU
		{30116881-34D5-4B40-B2CF-E467CADCA05C}.Debug|iPhoneSimulator.Build.0 = Debug|Any CPU
		{30116881-34D5-4B40-B2CF-E467CADCA05C}.Release|Any CPU.ActiveCfg = Release|Any CPU
		{30116881-34D5-4B40-B2CF-E467CADCA05C}.Release|Any CPU.Build.0 = Release|Any CPU
		{30116881-34D5-4B40-B2CF-E467CADCA05C}.Release|iPhone.ActiveCfg = Release|Any CPU
		{30116881-34D5-4B40-B2CF-E467CADCA05C}.Release|iPhone.Build.0 = Release|Any CPU
		{30116881-34D5-4B40-B2CF-E467CADCA05C}.Release|iPhoneSimulator.ActiveCfg = Release|Any CPU
		{30116881-34D5-4B40-B2CF-E467CADCA05C}.Release|iPhoneSimulator.Build.0 = Release|Any CPU
		{01D45448-32E3-46D3-AFB2-A36690FAE184}.Debug|Any CPU.ActiveCfg = Debug|Any CPU
		{01D45448-32E3-46D3-AFB2-A36690FAE184}.Debug|Any CPU.Build.0 = Debug|Any CPU
		{01D45448-32E3-46D3-AFB2-A36690FAE184}.Debug|Any CPU.Deploy.0 = Debug|Any CPU
		{01D45448-32E3-46D3-AFB2-A36690FAE184}.Debug|iPhone.ActiveCfg = Debug|Any CPU
		{01D45448-32E3-46D3-AFB2-A36690FAE184}.Debug|iPhone.Build.0 = Debug|Any CPU
		{01D45448-32E3-46D3-AFB2-A36690FAE184}.Debug|iPhone.Deploy.0 = Debug|Any CPU
		{01D45448-32E3-46D3-AFB2-A36690FAE184}.Debug|iPhoneSimulator.ActiveCfg = Debug|Any CPU
		{01D45448-32E3-46D3-AFB2-A36690FAE184}.Debug|iPhoneSimulator.Build.0 = Debug|Any CPU
		{01D45448-32E3-46D3-AFB2-A36690FAE184}.Debug|iPhoneSimulator.Deploy.0 = Debug|Any CPU
		{01D45448-32E3-46D3-AFB2-A36690FAE184}.Release|Any CPU.ActiveCfg = Release|Any CPU
		{01D45448-32E3-46D3-AFB2-A36690FAE184}.Release|Any CPU.Build.0 = Release|Any CPU
		{01D45448-32E3-46D3-AFB2-A36690FAE184}.Release|Any CPU.Deploy.0 = Release|Any CPU
		{01D45448-32E3-46D3-AFB2-A36690FAE184}.Release|iPhone.ActiveCfg = Release|Any CPU
		{01D45448-32E3-46D3-AFB2-A36690FAE184}.Release|iPhone.Build.0 = Release|Any CPU
		{01D45448-32E3-46D3-AFB2-A36690FAE184}.Release|iPhone.Deploy.0 = Release|Any CPU
		{01D45448-32E3-46D3-AFB2-A36690FAE184}.Release|iPhoneSimulator.ActiveCfg = Release|Any CPU
		{01D45448-32E3-46D3-AFB2-A36690FAE184}.Release|iPhoneSimulator.Build.0 = Release|Any CPU
		{01D45448-32E3-46D3-AFB2-A36690FAE184}.Release|iPhoneSimulator.Deploy.0 = Release|Any CPU
		{68BE2887-A99D-4627-AAB9-66A48879E5F2}.Debug|Any CPU.ActiveCfg = Debug|iPhone
		{68BE2887-A99D-4627-AAB9-66A48879E5F2}.Debug|iPhone.ActiveCfg = Debug|iPhone
		{68BE2887-A99D-4627-AAB9-66A48879E5F2}.Debug|iPhone.Build.0 = Debug|iPhone
		{68BE2887-A99D-4627-AAB9-66A48879E5F2}.Debug|iPhoneSimulator.ActiveCfg = Debug|iPhoneSimulator
		{68BE2887-A99D-4627-AAB9-66A48879E5F2}.Debug|iPhoneSimulator.Build.0 = Debug|iPhoneSimulator
		{68BE2887-A99D-4627-AAB9-66A48879E5F2}.Release|Any CPU.ActiveCfg = Release|iPhone
		{68BE2887-A99D-4627-AAB9-66A48879E5F2}.Release|iPhone.ActiveCfg = Release|iPhone
		{68BE2887-A99D-4627-AAB9-66A48879E5F2}.Release|iPhone.Build.0 = Release|iPhone
		{68BE2887-A99D-4627-AAB9-66A48879E5F2}.Release|iPhoneSimulator.ActiveCfg = Release|iPhoneSimulator
		{68BE2887-A99D-4627-AAB9-66A48879E5F2}.Release|iPhoneSimulator.Build.0 = Release|iPhoneSimulator
	EndGlobalSection
	GlobalSection(SolutionProperties) = preSolution
		HideSolutionNode = FALSE
	EndGlobalSection
	GlobalSection(ExtensibilityGlobals) = postSolution
		SolutionGuid = {556C21BC-995B-43B0-89E6-CA69C473C992}
	EndGlobalSection
EndGlobal
